{
  "name": "qolor",
  "version": "0.4.2",
  "lockfileVersion": 1,
  "dependencies": {
    "charenc": {
      "version": "0.0.2",
      "resolved": "https://registry.npmjs.org/charenc/-/charenc-0.0.2.tgz",
      "integrity": "sha1-wKHS86cJLgN3S/qD8UwPxXkKhmc="
    },
    "crypt": {
      "version": "0.0.2",
      "resolved": "https://registry.npmjs.org/crypt/-/crypt-0.0.2.tgz",
      "integrity": "sha1-iNf/fsDfuG9xPch7u0LQRNPmxBs="
    },
    "is-buffer": {
      "version": "1.0.2",
      "resolved": "https://registry.npmjs.org/is-buffer/-/is-buffer-1.0.2.tgz",
      "integrity": "sha1-9cbAUdc/hvEbTuFCZ8wQKfziYdA="
    },
    "md5": {
      "version": "2.0.0",
      "resolved": "https://registry.npmjs.org/md5/-/md5-2.0.0.tgz",
      "integrity": "sha1-deOS4OvVqbiNx8t6k4dRN7h8ijM="
    }
  }
}
